
Microsoft Visual Studio Solution File, Format Version 12.00
# Visual Studio Version 17
VisualStudioVersion = 17.0.31903.59
MinimumVisualStudioVersion = 10.0.40219.1
Project("{2150E333-8FDC-42A3-9474-1A3956D46DE8}") = "src", "src", "{10FE064E-6730-43AC-BCD2-D206A9DC4A6A}"
EndProject
Project("{FAE04EC0-301F-11D3-BF4B-00C04F79EFBC}") = "GenericPipeline", "src\GenericPipeline\GenericPipeline.csproj", "{07BBC620-22D0-467B-9139-26DBA37C8EEA}"
EndProject
Project("{2150E333-8FDC-42A3-9474-1A3956D46DE8}") = "test", "test", "{CB14243C-54DB-4A49-A6EE-4840E68D36AA}"
EndProject
Project("{FAE04EC0-301F-11D3-BF4B-00C04F79EFBC}") = "GenericPipeline.Tests", "test\GenericPipeline.Tests\GenericPipeline.Tests.csproj", "{E514407E-0DDF-4A8D-AE31-EDAAA19134D5}"
EndProject
Project("{FAE04EC0-301F-11D3-BF4B-00C04F79EFBC}") = "GenericPipeline.Benchmarks", "test\GenericPipeline.Benchmarks\GenericPipeline.Benchmarks.csproj", "{346F44D2-F7B8-4FF8-B5D9-890B1F02E0C4}"
EndProject
Project("{2150E333-8FDC-42A3-9474-1A3956D46DE8}") = "examples", "examples", "{794D0216-024E-4B40-BA06-0C4A86581A9C}"
EndProject
Project("{FAE04EC0-301F-11D3-BF4B-00C04F79EFBC}") = "Mediator", "examples\Mediator\Mediator.csproj", "{F3362558-0350-4311-9189-C289B455D9FE}"
EndProject
Project("{FAE04EC0-301F-11D3-BF4B-00C04F79EFBC}") = "GenericPipeline.Extensions.DependencyInjection", "src\GenericPipeline.Extensions.DependencyInjection\GenericPipeline.Extensions.DependencyInjection.csproj", "{A052B95C-B85F-449B-BB0D-8244B01A1AD5}"
EndProject
Project("{FAE04EC0-301F-11D3-BF4B-00C04F79EFBC}") = "GenericPipeline.Extensions.DependencyInjection.Tests", "test\GenericPipeline.Extensions.DependencyInjection.Tests\GenericPipeline.Extensions.DependencyInjection.Tests.csproj", "{85186242-5838-4A8A-91CA-E1237407CDFE}"
EndProject
Project("{FAE04EC0-301F-11D3-BF4B-00C04F79EFBC}") = "PollyExamples", "examples\PollyExamples\PollyExamples.csproj", "{A3CB21B2-D8DC-4FA8-AF5A-685F6A6A08A8}"
EndProject
Project("{FAE04EC0-301F-11D3-BF4B-00C04F79EFBC}") = "SerilogExamples", "examples\SerilogExamples\SerilogExamples.csproj", "{D653EAA4-3936-471D-B9E1-5CF34031BB47}"
EndProject
Project("{FAE04EC0-301F-11D3-BF4B-00C04F79EFBC}") = "ExceptionHandlingExamples", "examples\ExceptionHandlingExamples\ExceptionHandlingExamples.csproj", "{61B98613-0403-43A1-A19B-F739BDD6166E}"
EndProject
Project("{FAE04EC0-301F-11D3-BF4B-00C04F79EFBC}") = "FluentValidationExamples", "examples\FluentValidationExamples\FluentValidationExamples.csproj", "{FF8540B6-3E04-4ECE-85D8-6D5316B14040}"
EndProject
Global
	GlobalSection(SolutionConfigurationPlatforms) = preSolution
		Debug|Any CPU = Debug|Any CPU
		Release|Any CPU = Release|Any CPU
	EndGlobalSection
	GlobalSection(SolutionProperties) = preSolution
		HideSolutionNode = FALSE
	EndGlobalSection
	GlobalSection(ProjectConfigurationPlatforms) = postSolution
		{07BBC620-22D0-467B-9139-26DBA37C8EEA}.Debug|Any CPU.ActiveCfg = Debug|Any CPU
		{07BBC620-22D0-467B-9139-26DBA37C8EEA}.Debug|Any CPU.Build.0 = Debug|Any CPU
		{07BBC620-22D0-467B-9139-26DBA37C8EEA}.Release|Any CPU.ActiveCfg = Release|Any CPU
		{07BBC620-22D0-467B-9139-26DBA37C8EEA}.Release|Any CPU.Build.0 = Release|Any CPU
		{E514407E-0DDF-4A8D-AE31-EDAAA19134D5}.Debug|Any CPU.ActiveCfg = Debug|Any CPU
		{E514407E-0DDF-4A8D-AE31-EDAAA19134D5}.Debug|Any CPU.Build.0 = Debug|Any CPU
		{E514407E-0DDF-4A8D-AE31-EDAAA19134D5}.Release|Any CPU.ActiveCfg = Release|Any CPU
		{E514407E-0DDF-4A8D-AE31-EDAAA19134D5}.Release|Any CPU.Build.0 = Release|Any CPU
		{346F44D2-F7B8-4FF8-B5D9-890B1F02E0C4}.Debug|Any CPU.ActiveCfg = Debug|Any CPU
		{346F44D2-F7B8-4FF8-B5D9-890B1F02E0C4}.Debug|Any CPU.Build.0 = Debug|Any CPU
		{346F44D2-F7B8-4FF8-B5D9-890B1F02E0C4}.Release|Any CPU.ActiveCfg = Release|Any CPU
		{346F44D2-F7B8-4FF8-B5D9-890B1F02E0C4}.Release|Any CPU.Build.0 = Release|Any CPU
		{F3362558-0350-4311-9189-C289B455D9FE}.Debug|Any CPU.ActiveCfg = Debug|Any CPU
		{F3362558-0350-4311-9189-C289B455D9FE}.Debug|Any CPU.Build.0 = Debug|Any CPU
		{F3362558-0350-4311-9189-C289B455D9FE}.Release|Any CPU.ActiveCfg = Release|Any CPU
		{F3362558-0350-4311-9189-C289B455D9FE}.Release|Any CPU.Build.0 = Release|Any CPU
		{A052B95C-B85F-449B-BB0D-8244B01A1AD5}.Debug|Any CPU.ActiveCfg = Debug|Any CPU
		{A052B95C-B85F-449B-BB0D-8244B01A1AD5}.Debug|Any CPU.Build.0 = Debug|Any CPU
		{A052B95C-B85F-449B-BB0D-8244B01A1AD5}.Release|Any CPU.ActiveCfg = Release|Any CPU
		{A052B95C-B85F-449B-BB0D-8244B01A1AD5}.Release|Any CPU.Build.0 = Release|Any CPU
		{85186242-5838-4A8A-91CA-E1237407CDFE}.Debug|Any CPU.ActiveCfg = Debug|Any CPU
		{85186242-5838-4A8A-91CA-E1237407CDFE}.Debug|Any CPU.Build.0 = Debug|Any CPU
		{85186242-5838-4A8A-91CA-E1237407CDFE}.Release|Any CPU.ActiveCfg = Release|Any CPU
		{85186242-5838-4A8A-91CA-E1237407CDFE}.Release|Any CPU.Build.0 = Release|Any CPU
		{A3CB21B2-D8DC-4FA8-AF5A-685F6A6A08A8}.Debug|Any CPU.ActiveCfg = Debug|Any CPU
		{A3CB21B2-D8DC-4FA8-AF5A-685F6A6A08A8}.Debug|Any CPU.Build.0 = Debug|Any CPU
		{A3CB21B2-D8DC-4FA8-AF5A-685F6A6A08A8}.Release|Any CPU.ActiveCfg = Release|Any CPU
		{A3CB21B2-D8DC-4FA8-AF5A-685F6A6A08A8}.Release|Any CPU.Build.0 = Release|Any CPU
		{D653EAA4-3936-471D-B9E1-5CF34031BB47}.Debug|Any CPU.ActiveCfg = Debug|Any CPU
		{D653EAA4-3936-471D-B9E1-5CF34031BB47}.Debug|Any CPU.Build.0 = Debug|Any CPU
		{D653EAA4-3936-471D-B9E1-5CF34031BB47}.Release|Any CPU.ActiveCfg = Release|Any CPU
		{D653EAA4-3936-471D-B9E1-5CF34031BB47}.Release|Any CPU.Build.0 = Release|Any CPU
		{61B98613-0403-43A1-A19B-F739BDD6166E}.Debug|Any CPU.ActiveCfg = Debug|Any CPU
		{61B98613-0403-43A1-A19B-F739BDD6166E}.Debug|Any CPU.Build.0 = Debug|Any CPU
		{61B98613-0403-43A1-A19B-F739BDD6166E}.Release|Any CPU.ActiveCfg = Release|Any CPU
		{61B98613-0403-43A1-A19B-F739BDD6166E}.Release|Any CPU.Build.0 = Release|Any CPU
		{FF8540B6-3E04-4ECE-85D8-6D5316B14040}.Debug|Any CPU.ActiveCfg = Debug|Any CPU
		{FF8540B6-3E04-4ECE-85D8-6D5316B14040}.Debug|Any CPU.Build.0 = Debug|Any CPU
		{FF8540B6-3E04-4ECE-85D8-6D5316B14040}.Release|Any CPU.ActiveCfg = Release|Any CPU
		{FF8540B6-3E04-4ECE-85D8-6D5316B14040}.Release|Any CPU.Build.0 = Release|Any CPU
	EndGlobalSection
	GlobalSection(NestedProjects) = preSolution
		{07BBC620-22D0-467B-9139-26DBA37C8EEA} = {10FE064E-6730-43AC-BCD2-D206A9DC4A6A}
		{E514407E-0DDF-4A8D-AE31-EDAAA19134D5} = {CB14243C-54DB-4A49-A6EE-4840E68D36AA}
		{346F44D2-F7B8-4FF8-B5D9-890B1F02E0C4} = {CB14243C-54DB-4A49-A6EE-4840E68D36AA}
		{F3362558-0350-4311-9189-C289B455D9FE} = {794D0216-024E-4B40-BA06-0C4A86581A9C}
		{A052B95C-B85F-449B-BB0D-8244B01A1AD5} = {10FE064E-6730-43AC-BCD2-D206A9DC4A6A}
		{85186242-5838-4A8A-91CA-E1237407CDFE} = {CB14243C-54DB-4A49-A6EE-4840E68D36AA}
		{A3CB21B2-D8DC-4FA8-AF5A-685F6A6A08A8} = {794D0216-024E-4B40-BA06-0C4A86581A9C}
		{D653EAA4-3936-471D-B9E1-5CF34031BB47} = {794D0216-024E-4B40-BA06-0C4A86581A9C}
		{61B98613-0403-43A1-A19B-F739BDD6166E} = {794D0216-024E-4B40-BA06-0C4A86581A9C}
		{FF8540B6-3E04-4ECE-85D8-6D5316B14040} = {794D0216-024E-4B40-BA06-0C4A86581A9C}
	EndGlobalSection
EndGlobal
